Microsoft Visual Studio Solution File, Format Version 12.00
# Visual Studio Version 17
VisualStudioVersion = 17.5.2.0
MinimumVisualStudioVersion = 10.0.40219.1
Project("{FAE04EC0-301F-11D3-BF4B-00C04F79EFBC}") = "LoRaWanSim", "LoRaWanSim.csproj", "{EBE36034-BC96-9C61-61D4-B6D00176187C}"
EndProject
Global
	GlobalSection(SolutionConfigurationPlatforms) = preSolution
		Debug|Any CPU = Debug|Any CPU
		Release|Any CPU = Release|Any CPU
	EndGlobalSection
	GlobalSection(ProjectConfigurationPlatforms) = postSolution
		{EBE36034-BC96-9C61-61D4-B6D00176187C}.Debug|Any CPU.ActiveCfg = Debug|Any CPU
		{EBE36034-BC96-9C61-61D4-B6D00176187C}.Debug|Any CPU.Build.0 = Debug|Any CPU
		{EBE36034-BC96-9C61-61D4-B6D00176187C}.Release|Any CPU.ActiveCfg = Release|Any CPU
		{EBE36034-BC96-9C61-61D4-B6D00176187C}.Release|Any CPU.Build.0 = Release|Any CPU
	EndGlobalSection
	GlobalSection(SolutionProperties) = preSolution
		HideSolutionNode = FALSE
	EndGlobalSection
	GlobalSection(ExtensibilityGlobals) = postSolution
		SolutionGuid = {06945D5F-5C85-4895-AE4C-8A36ECC63374}
	EndGlobalSection
EndGlobal
